// !$*UTF8*$!
{
	archiveVersion = 1;
	classes = {
	};
	objectVersion = 56;
	objects = {

/* Begin PBXBuildFile section */
		841D72242CC8117200BF7F72 /* BudgetsView.swift in Sources */ = {isa = PBXBuildFile; fileRef = 841D72232CC8117200BF7F72 /* BudgetsView.swift */; };
		841D72272CC812C000BF7F72 /* PieChart.swift in Sources */ = {isa = PBXBuildFile; fileRef = 841D72262CC812C000BF7F72 /* PieChart.swift */; };
		84234C6C2CC7F03500C52B74 /* Budget.swift in Sources */ = {isa = PBXBuildFile; fileRef = 84234C6B2CC7F03500C52B74 /* Budget.swift */; };
		844357692CE2552400D1095D /* TransactionListView.swift in Sources */ = {isa = PBXBuildFile; fileRef = 844357682CE2552400D1095D /* TransactionListView.swift */; };
		845CB2CB2CC69A0100181E76 /* PersonalFinanceApp.swift in Sources */ = {isa = PBXBuildFile; fileRef = 845CB2CA2CC69A0100181E76 /* PersonalFinanceApp.swift */; };
		845CB2CD2CC69A0100181E76 /* ContentView.swift in Sources */ = {isa = PBXBuildFile; fileRef = 845CB2CC2CC69A0100181E76 /* ContentView.swift */; };
		845CB2CF2CC69A0200181E76 /* Assets.xcassets in Resources */ = {isa = PBXBuildFile; fileRef = 845CB2CE2CC69A0200181E76 /* Assets.xcassets */; };
		845CB2D22CC69A0200181E76 /* Preview Assets.xcassets in Resources */ = {isa = PBXBuildFile; fileRef = 845CB2D12CC69A0200181E76 /* Preview Assets.xcassets */; };
		845CB2D92CC6A24D00181E76 /* CustomTabBar.swift in Sources */ = {isa = PBXBuildFile; fileRef = 845CB2D82CC6A24D00181E76 /* CustomTabBar.swift */; };
		845CB2DF2CC6A89400181E76 /* HomeView.swift in Sources */ = {isa = PBXBuildFile; fileRef = 845CB2DE2CC6A89400181E76 /* HomeView.swift */; };
		845CB2E12CC6B4AC00181E76 /* BalanceCardView.swift in Sources */ = {isa = PBXBuildFile; fileRef = 845CB2E02CC6B4AC00181E76 /* BalanceCardView.swift */; };
		845CB2E42CC6C16300181E76 /* Transaction.swift in Sources */ = {isa = PBXBuildFile; fileRef = 845CB2E32CC6C16300181E76 /* Transaction.swift */; };
		845CB2E92CC6CB5E00181E76 /* TransactionDetailCellView.swift in Sources */ = {isa = PBXBuildFile; fileRef = 845CB2E82CC6CB5E00181E76 /* TransactionDetailCellView.swift */; };
		84607DF82CCA9E9E0097C233 /* TransactionView.swift in Sources */ = {isa = PBXBuildFile; fileRef = 84607DF72CCA9E9E0097C233 /* TransactionView.swift */; };
		84AF9FDF2CC9458B00EAE5DB /* BudgetCard.swift in Sources */ = {isa = PBXBuildFile; fileRef = 84AF9FDE2CC9458B00EAE5DB /* BudgetCard.swift */; };
		84AF9FE32CC9548500EAE5DB /* BudgetForm.swift in Sources */ = {isa = PBXBuildFile; fileRef = 84AF9FE22CC9548500EAE5DB /* BudgetForm.swift */; };
		84C4BD0C2CE7B2E0005C5BAA /* TestView.swift in Sources */ = {isa = PBXBuildFile; fileRef = 84C4BD0B2CE7B2E0005C5BAA /* TestView.swift */; };
		84F9E2B12CCBE16600DDFFD2 /* Extensions.swift in Sources */ = {isa = PBXBuildFile; fileRef = 84F9E2B02CCBE16600DDFFD2 /* Extensions.swift */; };
		84F9E2B42CCBE34C00DDFFD2 /* TransactionForm.swift in Sources */ = {isa = PBXBuildFile; fileRef = 84F9E2B32CCBE34C00DDFFD2 /* TransactionForm.swift */; };
		84FA24F52CDFBE99008C69FD /* TransactionSectionView.swift in Sources */ = {isa = PBXBuildFile; fileRef = 84FA24F42CDFBE99008C69FD /* TransactionSectionView.swift */; };
		84FA24F72CDFBED8008C69FD /* BudgetSectionView.swift in Sources */ = {isa = PBXBuildFile; fileRef = 84FA24F62CDFBED8008C69FD /* BudgetSectionView.swift */; };
		84FA24F92CDFC2E0008C69FD /* Constants.swift in Sources */ = {isa = PBXBuildFile; fileRef = 84FA24F82CDFC2E0008C69FD /* Constants.swift */; };
/* End PBXBuildFile section */

/* Begin PBXFileReference section */
		841D72232CC8117200BF7F72 /* BudgetsView.swift */ = {isa = PBXFileReference; lastKnownFileType = sourcecode.swift; path = BudgetsView.swift; sourceTree = "<group>"; };
		841D72262CC812C000BF7F72 /* PieChart.swift */ = {isa = PBXFileReference; lastKnownFileType = sourcecode.swift; path = PieChart.swift; sourceTree = "<group>"; };
		84234C6B2CC7F03500C52B74 /* Budget.swift */ = {isa = PBXFileReference; lastKnownFileType = sourcecode.swift; path = Budget.swift; sourceTree = "<group>"; };
		844357682CE2552400D1095D /* TransactionListView.swift */ = {isa = PBXFileReference; lastKnownFileType = sourcecode.swift; path = TransactionListView.swift; sourceTree = "<group>"; };
		845CB2C72CC69A0100181E76 /* PersonalFinance.app */ = {isa = PBXFileReference; explicitFileType = wrapper.application; includeInIndex = 0; path = PersonalFinance.app; sourceTree = BUILT_PRODUCTS_DIR; };
		845CB2CA2CC69A0100181E76 /* PersonalFinanceApp.swift */ = {isa = PBXFileReference; lastKnownFileType = sourcecode.swift; path = PersonalFinanceApp.swift; sourceTree = "<group>"; };
		845CB2CC2CC69A0100181E76 /* ContentView.swift */ = {isa = PBXFileReference; lastKnownFileType = sourcecode.swift; path = ContentView.swift; sourceTree = "<group>"; };
		845CB2CE2CC69A0200181E76 /* Assets.xcassets */ = {isa = PBXFileReference; lastKnownFileType = folder.assetcatalog; path = Assets.xcassets; sourceTree = "<group>"; };
		845CB2D12CC69A0200181E76 /* Preview Assets.xcassets */ = {isa = PBXFileReference; lastKnownFileType = folder.assetcatalog; path = "Preview Assets.xcassets"; sourceTree = "<group>"; };
		845CB2D82CC6A24D00181E76 /* CustomTabBar.swift */ = {isa = PBXFileReference; lastKnownFileType = sourcecode.swift; path = CustomTabBar.swift; sourceTree = "<group>"; };
		845CB2DE2CC6A89400181E76 /* HomeView.swift */ = {isa = PBXFileReference; lastKnownFileType = sourcecode.swift; path = HomeView.swift; sourceTree = "<group>"; };
		845CB2E02CC6B4AC00181E76 /* BalanceCardView.swift */ = {isa = PBXFileReference; lastKnownFileType = sourcecode.swift; path = BalanceCardView.swift; sourceTree = "<group>"; };
		845CB2E32CC6C16300181E76 /* Transaction.swift */ = {isa = PBXFileReference; lastKnownFileType = sourcecode.swift; path = Transaction.swift; sourceTree = "<group>"; };
		845CB2E82CC6CB5E00181E76 /* TransactionDetailCellView.swift */ = {isa = PBXFileReference; lastKnownFileType = sourcecode.swift; path = TransactionDetailCellView.swift; sourceTree = "<group>"; };
		84607DF72CCA9E9E0097C233 /* TransactionView.swift */ = {isa = PBXFileReference; lastKnownFileType = sourcecode.swift; path = TransactionView.swift; sourceTree = "<group>"; };
		84AF9FDE2CC9458B00EAE5DB /* BudgetCard.swift */ = {isa = PBXFileReference; lastKnownFileType = sourcecode.swift; path = BudgetCard.swift; sourceTree = "<group>"; };
		84AF9FE22CC9548500EAE5DB /* BudgetForm.swift */ = {isa = PBXFileReference; lastKnownFileType = sourcecode.swift; path = BudgetForm.swift; sourceTree = "<group>"; };
		84C4BD0B2CE7B2E0005C5BAA /* TestView.swift */ = {isa = PBXFileReference; lastKnownFileType = sourcecode.swift; path = TestView.swift; sourceTree = "<group>"; };
		84F9E2B02CCBE16600DDFFD2 /* Extensions.swift */ = {isa = PBXFileReference; lastKnownFileType = sourcecode.swift; path = Extensions.swift; sourceTree = "<group>"; };
		84F9E2B32CCBE34C00DDFFD2 /* TransactionForm.swift */ = {isa = PBXFileReference; lastKnownFileType = sourcecode.swift; path = TransactionForm.swift; sourceTree = "<group>"; };
		84FA24F42CDFBE99008C69FD /* TransactionSectionView.swift */ = {isa = PBXFileReference; lastKnownFileType = sourcecode.swift; path = TransactionSectionView.swift; sourceTree = "<group>"; };
		84FA24F62CDFBED8008C69FD /* BudgetSectionView.swift */ = {isa = PBXFileReference; lastKnownFileType = sourcecode.swift; path = BudgetSectionView.swift; sourceTree = "<group>"; };
		84FA24F82CDFC2E0008C69FD /* Constants.swift */ = {isa = PBXFileReference; lastKnownFileType = sourcecode.swift; path = Constants.swift; sourceTree = "<group>"; };
/* End PBXFileReference section */

/* Begin PBXFrameworksBuildPhase section */
		845CB2C42CC69A0100181E76 /* Frameworks */ = {
			isa = PBXFrameworksBuildPhase;
			buildActionMask = 2147483647;
			files = (
			);
			runOnlyForDeploymentPostprocessing = 0;
		};
/* End PBXFrameworksBuildPhase section */

/* Begin PBXGroup section */
		841D72252CC8117A00BF7F72 /* Budgets */ = {
			isa = PBXGroup;
			children = (
				84AF9FE12CC9547100EAE5DB /* Form */,
				84AF9FE02CC9546A00EAE5DB /* View */,
			);
			path = Budgets;
			sourceTree = "<group>";
		};
		845CB2BE2CC69A0100181E76 = {
			isa = PBXGroup;
			children = (
				845CB2C92CC69A0100181E76 /* PersonalFinance */,
				845CB2C82CC69A0100181E76 /* Products */,
			);
			sourceTree = "<group>";
		};
		845CB2C82CC69A0100181E76 /* Products */ = {
			isa = PBXGroup;
			children = (
				845CB2C72CC69A0100181E76 /* PersonalFinance.app */,
			);
			name = Products;
			sourceTree = "<group>";
		};
		845CB2C92CC69A0100181E76 /* PersonalFinance */ = {
			isa = PBXGroup;
			children = (
				845CB2EA2CC6CBA800181E76 /* Resources */,
				845CB2E22CC6C15400181E76 /* Model */,
				845CB2DB2CC6A87800181E76 /* Modules */,
				845CB2DA2CC6A25300181E76 /* Components */,
				845CB2CA2CC69A0100181E76 /* PersonalFinanceApp.swift */,
				845CB2CC2CC69A0100181E76 /* ContentView.swift */,
				845CB2CE2CC69A0200181E76 /* Assets.xcassets */,
				845CB2D02CC69A0200181E76 /* Preview Content */,
			);
			path = PersonalFinance;
			sourceTree = "<group>";
		};
		845CB2D02CC69A0200181E76 /* Preview Content */ = {
			isa = PBXGroup;
			children = (
				845CB2D12CC69A0200181E76 /* Preview Assets.xcassets */,
			);
			path = "Preview Content";
			sourceTree = "<group>";
		};
		845CB2DA2CC6A25300181E76 /* Components */ = {
			isa = PBXGroup;
			children = (
				84FA24F62CDFBED8008C69FD /* BudgetSectionView.swift */,
				845CB2D82CC6A24D00181E76 /* CustomTabBar.swift */,
				845CB2E82CC6CB5E00181E76 /* TransactionDetailCellView.swift */,
				841D72262CC812C000BF7F72 /* PieChart.swift */,
			);
			path = Components;
			sourceTree = "<group>";
		};
		845CB2DB2CC6A87800181E76 /* Modules */ = {
			isa = PBXGroup;
			children = (
				84607DF52CCA9E860097C233 /* Transaction */,
				845CB2DC2CC6A88100181E76 /* Home */,
				841D72252CC8117A00BF7F72 /* Budgets */,
			);
			path = Modules;
			sourceTree = "<group>";
		};
		845CB2DC2CC6A88100181E76 /* Home */ = {
			isa = PBXGroup;
			children = (
				845CB2DD2CC6A88700181E76 /* View */,
			);
			path = Home;
			sourceTree = "<group>";
		};
		845CB2DD2CC6A88700181E76 /* View */ = {
			isa = PBXGroup;
			children = (
				845CB2DE2CC6A89400181E76 /* HomeView.swift */,
				84FA24F42CDFBE99008C69FD /* TransactionSectionView.swift */,
				845CB2E02CC6B4AC00181E76 /* BalanceCardView.swift */,
			);
			path = View;
			sourceTree = "<group>";
		};
		845CB2E22CC6C15400181E76 /* Model */ = {
			isa = PBXGroup;
			children = (
				845CB2E32CC6C16300181E76 /* Transaction.swift */,
				84234C6B2CC7F03500C52B74 /* Budget.swift */,
			);
			path = Model;
			sourceTree = "<group>";
		};
		845CB2EA2CC6CBA800181E76 /* Resources */ = {
			isa = PBXGroup;
			children = (
				84F9E2B02CCBE16600DDFFD2 /* Extensions.swift */,
				84FA24F82CDFC2E0008C69FD /* Constants.swift */,
				84C4BD0B2CE7B2E0005C5BAA /* TestView.swift */,
			);
			path = Resources;
			sourceTree = "<group>";
		};
		84607DF52CCA9E860097C233 /* Transaction */ = {
			isa = PBXGroup;
			children = (
				84F9E2B22CCBE33B00DDFFD2 /* Form */,
				84607DF62CCA9E8D0097C233 /* View */,
			);
			path = Transaction;
			sourceTree = "<group>";
		};
		84607DF62CCA9E8D0097C233 /* View */ = {
			isa = PBXGroup;
			children = (
				84607DF72CCA9E9E0097C233 /* TransactionView.swift */,
				844357682CE2552400D1095D /* TransactionListView.swift */,
			);
			path = View;
			sourceTree = "<group>";
		};
		84AF9FE02CC9546A00EAE5DB /* View */ = {
			isa = PBXGroup;
			children = (
				84AF9FDE2CC9458B00EAE5DB /* BudgetCard.swift */,
				841D72232CC8117200BF7F72 /* BudgetsView.swift */,
			);
			path = View;
			sourceTree = "<group>";
		};
		84AF9FE12CC9547100EAE5DB /* Form */ = {
			isa = PBXGroup;
			children = (
				84AF9FE22CC9548500EAE5DB /* BudgetForm.swift */,
			);
			path = Form;
			sourceTree = "<group>";
		};
		84F9E2B22CCBE33B00DDFFD2 /* Form */ = {
			isa = PBXGroup;
			children = (
				84F9E2B32CCBE34C00DDFFD2 /* TransactionForm.swift */,
			);
			path = Form;
			sourceTree = "<group>";
		};
/* End PBXGroup section */

/* Begin PBXNativeTarget section */
		845CB2C62CC69A0100181E76 /* PersonalFinance */ = {
			isa = PBXNativeTarget;
			buildConfigurationList = 845CB2D52CC69A0200181E76 /* Build configuration list for PBXNativeTarget "PersonalFinance" */;
			buildPhases = (
				845CB2C32CC69A0100181E76 /* Sources */,
				845CB2C42CC69A0100181E76 /* Frameworks */,
				845CB2C52CC69A0100181E76 /* Resources */,
			);
			buildRules = (
			);
			dependencies = (
			);
			name = PersonalFinance;
			productName = PersonalFinance;
			productReference = 845CB2C72CC69A0100181E76 /* PersonalFinance.app */;
			productType = "com.apple.product-type.application";
		};
/* End PBXNativeTarget section */

/* Begin PBXProject section */
		845CB2BF2CC69A0100181E76 /* Project object */ = {
			isa = PBXProject;
			attributes = {
				BuildIndependentTargetsInParallel = 1;
				LastSwiftUpdateCheck = 1500;
				LastUpgradeCheck = 1500;
				TargetAttributes = {
					845CB2C62CC69A0100181E76 = {
						CreatedOnToolsVersion = 15.0.1;
					};
				};
			};
			buildConfigurationList = 845CB2C22CC69A0100181E76 /* Build configuration list for PBXProject "PersonalFinance" */;
			compatibilityVersion = "Xcode 14.0";
			developmentRegion = en;
			hasScannedForEncodings = 0;
			knownRegions = (
				en,
				Base,
			);
			mainGroup = 845CB2BE2CC69A0100181E76;
			productRefGroup = 845CB2C82CC69A0100181E76 /* Products */;
			projectDirPath = "";
			projectRoot = "";
			targets = (
				845CB2C62CC69A0100181E76 /* PersonalFinance */,
			);
		};
/* End PBXProject section */

/* Begin PBXResourcesBuildPhase section */
		845CB2C52CC69A0100181E76 /* Resources */ = {
			isa = PBXResourcesBuildPhase;
			buildActionMask = 2147483647;
			files = (
				845CB2D22CC69A0200181E76 /* Preview Assets.xcassets in Resources */,
				845CB2CF2CC69A0200181E76 /* Assets.xcassets in Resources */,
			);
			runOnlyForDeploymentPostprocessing = 0;
		};
/* End PBXResourcesBuildPhase section */

/* Begin PBXSourcesBuildPhase section */
		845CB2C32CC69A0100181E76 /* Sources */ = {
			isa = PBXSourcesBuildPhase;
			buildActionMask = 2147483647;
			files = (
				84AF9FDF2CC9458B00EAE5DB /* BudgetCard.swift in Sources */,
				84F9E2B12CCBE16600DDFFD2 /* Extensions.swift in Sources */,
				841D72272CC812C000BF7F72 /* PieChart.swift in Sources */,
				845CB2CD2CC69A0100181E76 /* ContentView.swift in Sources */,
				84AF9FE32CC9548500EAE5DB /* BudgetForm.swift in Sources */,
				841D72242CC8117200BF7F72 /* BudgetsView.swift in Sources */,
				84FA24F92CDFC2E0008C69FD /* Constants.swift in Sources */,
				845CB2DF2CC6A89400181E76 /* HomeView.swift in Sources */,
				84234C6C2CC7F03500C52B74 /* Budget.swift in Sources */,
				844357692CE2552400D1095D /* TransactionListView.swift in Sources */,
				84FA24F52CDFBE99008C69FD /* TransactionSectionView.swift in Sources */,
				84FA24F72CDFBED8008C69FD /* BudgetSectionView.swift in Sources */,
				84F9E2B42CCBE34C00DDFFD2 /* TransactionForm.swift in Sources */,
				845CB2E42CC6C16300181E76 /* Transaction.swift in Sources */,
				845CB2D92CC6A24D00181E76 /* CustomTabBar.swift in Sources */,
				845CB2E12CC6B4AC00181E76 /* BalanceCardView.swift in Sources */,
				84C4BD0C2CE7B2E0005C5BAA /* TestView.swift in Sources */,
				84607DF82CCA9E9E0097C233 /* TransactionView.swift in Sources */,
				845CB2E92CC6CB5E00181E76 /* TransactionDetailCellView.swift in Sources */,
				845CB2CB2CC69A0100181E76 /* PersonalFinanceApp.swift in Sources */,
			);
			runOnlyForDeploymentPostprocessing = 0;
		};
/* End PBXSourcesBuildPhase section */

/* Begin XCBuildConfiguration section */
		845CB2D32CC69A0200181E76 /* Debug */ = {
			isa = XCBuildConfiguration;
			buildSettings = {
				ALWAYS_SEARCH_USER_PATHS = NO;
				ASSETCATALOG_COMPILER_GENERATE_SWIFT_ASSET_SYMBOL_EXTENSIONS = YES;
				CLANG_ANALYZER_NONNULL = YES;
				CLANG_ANALYZER_NUMBER_OBJECT_CONVERSION = YES_AGGRESSIVE;
				CLANG_CXX_LANGUAGE_STANDARD = "gnu++20";
				CLANG_ENABLE_MODULES = YES;
				CLANG_ENABLE_OBJC_ARC = YES;
				CLANG_ENABLE_OBJC_WEAK = YES;
				CLANG_WARN_BLOCK_CAPTURE_AUTORELEASING = YES;
				CLANG_WARN_BOOL_CONVERSION = YES;
				CLANG_WARN_COMMA = YES;
				CLANG_WARN_CONSTANT_CONVERSION = YES;
				CLANG_WARN_DEPRECATED_OBJC_IMPLEMENTATIONS = YES;
				CLANG_WARN_DIRECT_OBJC_ISA_USAGE = YES_ERROR;
				CLANG_WARN_DOCUMENTATION_COMMENTS = YES;
				CLANG_WARN_EMPTY_BODY = YES;
				CLANG_WARN_ENUM_CONVERSION = YES;
				CLANG_WARN_INFINITE_RECURSION = YES;
				CLANG_WARN_INT_CONVERSION = YES;
				CLANG_WARN_NON_LITERAL_NULL_CONVERSION = YES;
				CLANG_WARN_OBJC_IMPLICIT_RETAIN_SELF = YES;
				CLANG_WARN_OBJC_LITERAL_CONVERSION = YES;
				CLANG_WARN_OBJC_ROOT_CLASS = YES_ERROR;
				CLANG_WARN_QUOTED_INCLUDE_IN_FRAMEWORK_HEADER = YES;
				CLANG_WARN_RANGE_LOOP_ANALYSIS = YES;
				CLANG_WARN_STRICT_PROTOTYPES = YES;
				CLANG_WARN_SUSPICIOUS_MOVE = YES;
				CLANG_WARN_UNGUARDED_AVAILABILITY = YES_AGGRESSIVE;
				CLANG_WARN_UNREACHABLE_CODE = YES;
				CLANG_WARN__DUPLICATE_METHOD_MATCH = YES;
				COPY_PHASE_STRIP = NO;
				DEBUG_INFORMATION_FORMAT = dwarf;
				ENABLE_STRICT_OBJC_MSGSEND = YES;
				ENABLE_TESTABILITY = YES;
				ENABLE_USER_SCRIPT_SANDBOXING = YES;
				GCC_C_LANGUAGE_STANDARD = gnu17;
				GCC_DYNAMIC_NO_PIC = NO;
				GCC_NO_COMMON_BLOCKS = YES;
				GCC_OPTIMIZATION_LEVEL = 0;
				GCC_PREPROCESSOR_DEFINITIONS = (
					"DEBUG=1",
					"$(inherited)",
				);
				GCC_WARN_64_TO_32_BIT_CONVERSION = YES;
				GCC_WARN_ABOUT_RETURN_TYPE = YES_ERROR;
				GCC_WARN_UNDECLARED_SELECTOR = YES;
				GCC_WARN_UNINITIALIZED_AUTOS = YES_AGGRESSIVE;
				GCC_WARN_UNUSED_FUNCTION = YES;
				GCC_WARN_UNUSED_VARIABLE = YES;
				IPHONEOS_DEPLOYMENT_TARGET = 17.0;
				LOCALIZATION_PREFERS_STRING_CATALOGS = YES;
				MTL_ENABLE_DEBUG_INFO = INCLUDE_SOURCE;
				MTL_FAST_MATH = YES;
				ONLY_ACTIVE_ARCH = YES;
				SDKROOT = iphoneos;
				SWIFT_ACTIVE_COMPILATION_CONDITIONS = "DEBUG $(inherited)";
				SWIFT_OPTIMIZATION_LEVEL = "-Onone";
			};
			name = Debug;
		};
		845CB2D42CC69A0200181E76 /* Release */ = {
			isa = XCBuildConfiguration;
			buildSettings = {
				ALWAYS_SEARCH_USER_PATHS = NO;
				ASSETCATALOG_COMPILER_GENERATE_SWIFT_ASSET_SYMBOL_EXTENSIONS = YES;
				CLANG_ANALYZER_NONNULL = YES;
				CLANG_ANALYZER_NUMBER_OBJECT_CONVERSION = YES_AGGRESSIVE;
				CLANG_CXX_LANGUAGE_STANDARD = "gnu++20";
				CLANG_ENABLE_MODULES = YES;
				CLANG_ENABLE_OBJC_ARC = YES;
				CLANG_ENABLE_OBJC_WEAK = YES;
				CLANG_WARN_BLOCK_CAPTURE_AUTORELEASING = YES;
				CLANG_WARN_BOOL_CONVERSION = YES;
				CLANG_WARN_COMMA = YES;
				CLANG_WARN_CONSTANT_CONVERSION = YES;
				CLANG_WARN_DEPRECATED_OBJC_IMPLEMENTATIONS = YES;
				CLANG_WARN_DIRECT_OBJC_ISA_USAGE = YES_ERROR;
				CLANG_WARN_DOCUMENTATION_COMMENTS = YES;
				CLANG_WARN_EMPTY_BODY = YES;
				CLANG_WARN_ENUM_CONVERSION = YES;
				CLANG_WARN_INFINITE_RECURSION = YES;
				CLANG_WARN_INT_CONVERSION = YES;
				CLANG_WARN_NON_LITERAL_NULL_CONVERSION = YES;
				CLANG_WARN_OBJC_IMPLICIT_RETAIN_SELF = YES;
				CLANG_WARN_OBJC_LITERAL_CONVERSION = YES;
				CLANG_WARN_OBJC_ROOT_CLASS = YES_ERROR;
				CLANG_WARN_QUOTED_INCLUDE_IN_FRAMEWORK_HEADER = YES;
				CLANG_WARN_RANGE_LOOP_ANALYSIS = YES;
				CLANG_WARN_STRICT_PROTOTYPES = YES;
				CLANG_WARN_SUSPICIOUS_MOVE = YES;
				CLANG_WARN_UNGUARDED_AVAILABILITY = YES_AGGRESSIVE;
				CLANG_WARN_UNREACHABLE_CODE = YES;
				CLANG_WARN__DUPLICATE_METHOD_MATCH = YES;
				COPY_PHASE_STRIP = NO;
				DEBUG_INFORMATION_FORMAT = "dwarf-with-dsym";
				ENABLE_NS_ASSERTIONS = NO;
				ENABLE_STRICT_OBJC_MSGSEND = YES;
				ENABLE_USER_SCRIPT_SANDBOXING = YES;
				GCC_C_LANGUAGE_STANDARD = gnu17;
				GCC_NO_COMMON_BLOCKS = YES;
				GCC_WARN_64_TO_32_BIT_CONVERSION = YES;
				GCC_WARN_ABOUT_RETURN_TYPE = YES_ERROR;
				GCC_WARN_UNDECLARED_SELECTOR = YES;
				GCC_WARN_UNINITIALIZED_AUTOS = YES_AGGRESSIVE;
				GCC_WARN_UNUSED_FUNCTION = YES;
				GCC_WARN_UNUSED_VARIABLE = YES;
				IPHONEOS_DEPLOYMENT_TARGET = 17.0;
				LOCALIZATION_PREFERS_STRING_CATALOGS = YES;
				MTL_ENABLE_DEBUG_INFO = NO;
				MTL_FAST_MATH = YES;
				SDKROOT = iphoneos;
				SWIFT_COMPILATION_MODE = wholemodule;
				VALIDATE_PRODUCT = YES;
			};
			name = Release;
		};
		845CB2D62CC69A0200181E76 /* Debug */ = {
			isa = XCBuildConfiguration;
			buildSettings = {
				ASSETCATALOG_COMPILER_APPICON_NAME = AppIcon;
				ASSETCATALOG_COMPILER_GLOBAL_ACCENT_COLOR_NAME = AccentColor;
				CODE_SIGN_STYLE = Automatic;
				CURRENT_PROJECT_VERSION = 1;
				DEVELOPMENT_ASSET_PATHS = "\"PersonalFinance/Preview Content\"";
				DEVELOPMENT_TEAM = AB95K5R2N4;
				ENABLE_PREVIEWS = YES;
				GENERATE_INFOPLIST_FILE = YES;
				INFOPLIST_KEY_UIApplicationSceneManifest_Generation = YES;
				INFOPLIST_KEY_UIApplicationSupportsIndirectInputEvents = YES;
				INFOPLIST_KEY_UILaunchScreen_Generation = YES;
				INFOPLIST_KEY_UISupportedInterfaceOrientations_iPad = "UIInterfaceOrientationPortrait UIInterfaceOrientationPortraitUpsideDown UIInterfaceOrientationLandscapeLeft UIInterfaceOrientationLandscapeRight";
				INFOPLIST_KEY_UISupportedInterfaceOrientations_iPhone = "UIInterfaceOrientationPortrait UIInterfaceOrientationLandscapeLeft UIInterfaceOrientationLandscapeRight";
				LD_RUNPATH_SEARCH_PATHS = (
					"$(inherited)",
					"@executable_path/Frameworks",
				);
				MARKETING_VERSION = 1.0;
				PRODUCT_BUNDLE_IDENTIFIER = co.victorsheepman.PersonalFinance;
				PRODUCT_NAME = "$(TARGET_NAME)";
				SWIFT_EMIT_LOC_STRINGS = YES;
				SWIFT_VERSION = 5.0;
				TARGETED_DEVICE_FAMILY = "1,2";
			};
			name = Debug;
		};
		845CB2D72CC69A0200181E76 /* Release */ = {
			isa = XCBuildConfiguration;
			buildSettings = {
				ASSETCATALOG_COMPILER_APPICON_NAME = AppIcon;
				ASSETCATALOG_COMPILER_GLOBAL_ACCENT_COLOR_NAME = AccentColor;
				CODE_SIGN_STYLE = Automatic;
				CURRENT_PROJECT_VERSION = 1;
				DEVELOPMENT_ASSET_PATHS = "\"PersonalFinance/Preview Content\"";
				DEVELOPMENT_TEAM = AB95K5R2N4;
				ENABLE_PREVIEWS = YES;
				GENERATE_INFOPLIST_FILE = YES;
				INFOPLIST_KEY_UIApplicationSceneManifest_Generation = YES;
				INFOPLIST_KEY_UIApplicationSupportsIndirectInputEvents = YES;
				INFOPLIST_KEY_UILaunchScreen_Generation = YES;
				INFOPLIST_KEY_UISupportedInterfaceOrientations_iPad = "UIInterfaceOrientationPortrait UIInterfaceOrientationPortraitUpsideDown UIInterfaceOrientationLandscapeLeft UIInterfaceOrientationLandscapeRight";
				INFOPLIST_KEY_UISupportedInterfaceOrientations_iPhone = "UIInterfaceOrientationPortrait UIInterfaceOrientationLandscapeLeft UIInterfaceOrientationLandscapeRight";
				LD_RUNPATH_SEARCH_PATHS = (
					"$(inherited)",
					"@executable_path/Frameworks",
				);
				MARKETING_VERSION = 1.0;
				PRODUCT_BUNDLE_IDENTIFIER = co.victorsheepman.PersonalFinance;
				PRODUCT_NAME = "$(TARGET_NAME)";
				SWIFT_EMIT_LOC_STRINGS = YES;
				SWIFT_VERSION = 5.0;
				TARGETED_DEVICE_FAMILY = "1,2";
			};
			name = Release;
		};
/* End XCBuildConfiguration section */

/* Begin XCConfigurationList section */
		845CB2C22CC69A0100181E76 /* Build configuration list for PBXProject "PersonalFinance" */ = {
			isa = XCConfigurationList;
			buildConfigurations = (
				845CB2D32CC69A0200181E76 /* Debug */,
				845CB2D42CC69A0200181E76 /* Release */,
			);
			defaultConfigurationIsVisible = 0;
			defaultConfigurationName = Release;
		};
		845CB2D52CC69A0200181E76 /* Build configuration list for PBXNativeTarget "PersonalFinance" */ = {
			isa = XCConfigurationList;
			buildConfigurations = (
				845CB2D62CC69A0200181E76 /* Debug */,
				845CB2D72CC69A0200181E76 /* Release */,
			);
			defaultConfigurationIsVisible = 0;
			defaultConfigurationName = Release;
		};
/* End XCConfigurationList section */
	};
	rootObject = 845CB2BF2CC69A0100181E76 /* Project object */;
}
